
Microsoft Visual Studio Solution File, Format Version 12.00
# Visual Studio 15
VisualStudioVersion = 15.0.27428.2005
MinimumVisualStudioVersion = 10.0.40219.1
Project("{F2A71F9B-5D33-465A-A702-920D77279786}") = "Loop", "Loop\Loop.fsproj", "{C20DDA6E-959F-4A7B-AD4D-017401115961}"
EndProject
Global
	GlobalSection(SolutionConfigurationPlatforms) = preSolution
		Debug|Any CPU = Debug|Any CPU
		Release|Any CPU = Release|Any CPU
	EndGlobalSection
	GlobalSection(ProjectConfigurationPlatforms) = postSolution
		{C20DDA6E-959F-4A7B-AD4D-017401115961}.Debug|Any CPU.ActiveCfg = Debug|Any CPU
		{C20DDA6E-959F-4A7B-AD4D-017401115961}.Debug|Any CPU.Build.0 = Debug|Any CPU
		{C20DDA6E-959F-4A7B-AD4D-017401115961}.Release|Any CPU.ActiveCfg = Release|Any CPU
		{C20DDA6E-959F-4A7B-AD4D-017401115961}.Release|Any CPU.Build.0 = Release|Any CPU
	EndGlobalSection
	GlobalSection(SolutionProperties) = preSolution
		HideSolutionNode = FALSE
	EndGlobalSection
	GlobalSection(ExtensibilityGlobals) = postSolution
		SolutionGuid = {C6383EB5-6789-44C4-ACEC-C3ACE3BEA0A0}
	EndGlobalSection
EndGlobal
